
Microsoft Visual Studio Solution File, Format Version 12.00
# Visual Studio Version 17
VisualStudioVersion = 17.1.32210.238
MinimumVisualStudioVersion = 10.0.40219.1
Project("{FAE04EC0-301F-11D3-BF4B-00C04F79EFBC}") = "Adenekan Assignment", "Adenekan Assignment.csproj", "{DBB1A255-5A6A-4951-BC5A-DA41C1EF27BD}"
EndProject
Global
	GlobalSection(SolutionConfigurationPlatforms) = preSolution
		Debug|Any CPU = Debug|Any CPU
		Release|Any CPU = Release|Any CPU
	EndGlobalSection
	GlobalSection(ProjectConfigurationPlatforms) = postSolution
		{DBB1A255-5A6A-4951-BC5A-DA41C1EF27BD}.Debug|Any CPU.ActiveCfg = Debug|Any CPU
		{DBB1A255-5A6A-4951-BC5A-DA41C1EF27BD}.Debug|Any CPU.Build.0 = Debug|Any CPU
		{DBB1A255-5A6A-4951-BC5A-DA41C1EF27BD}.Release|Any CPU.ActiveCfg = Release|Any CPU
		{DBB1A255-5A6A-4951-BC5A-DA41C1EF27BD}.Release|Any CPU.Build.0 = Release|Any CPU
	EndGlobalSection
	GlobalSection(SolutionProperties) = preSolution
		HideSolutionNode = FALSE
	EndGlobalSection
	GlobalSection(ExtensibilityGlobals) = postSolution
		SolutionGuid = {6C3B1D85-DCBA-4E22-BAF2-C7AE80DB6BC3}
	EndGlobalSection
EndGlobal
